
Microsoft Visual Studio Solution File, Format Version 12.00
# Visual Studio Version 16
VisualStudioVersion = 16.0.29326.143
MinimumVisualStudioVersion = 10.0.40219.1
Project("{9A19103F-16F7-4668-BE54-9A1E7A4F7556}") = "jHackson.Core", "jHackson.Core\jHackson.Core.csproj", "{2A9046FE-9BAF-4D10-86B2-E5DEBC7F0A59}"
EndProject
Project("{9A19103F-16F7-4668-BE54-9A1E7A4F7556}") = "jHackson", "jHackson\jHackson.csproj", "{AAC803A7-0FE6-4FB7-ACF7-C24D4FD2456F}"
EndProject
Project("{9A19103F-16F7-4668-BE54-9A1E7A4F7556}") = "jHackson.Actions", "jHackson.Actions\jHackson.Actions.csproj", "{5A990E8F-5D30-4F5A-BC10-3EB86C3F1C1B}"
EndProject
Project("{9A19103F-16F7-4668-BE54-9A1E7A4F7556}") = "jHackson.Tables", "jHackson.Tables\jHackson.Tables.csproj", "{B29475EA-A7D5-4A5D-A00D-2BF10F861320}"
EndProject
Project("{9A19103F-16F7-4668-BE54-9A1E7A4F7556}") = "jHackson.Tables.Elements", "jHackson.Tables.Elements\jHackson.Tables.Elements.csproj", "{873CF5DB-D12A-4858-931F-59A97A94E032}"
EndProject
Project("{9A19103F-16F7-4668-BE54-9A1E7A4F7556}") = "jHackson.Tests", "jHackson.Tests\jHackson.Tests.csproj", "{E7768D5C-7EE3-4C11-8E38-24635A423BC4}"
EndProject
Project("{9A19103F-16F7-4668-BE54-9A1E7A4F7556}") = "jHackson.UI", "jHackson.UI\jHackson.UI.csproj", "{0C7C1CBB-64F7-45DD-89E2-6AAE6DB93A83}"
EndProject
Project("{9A19103F-16F7-4668-BE54-9A1E7A4F7556}") = "jHackson.StarOcean", "Plugins\jHackson.StarOcean\jHackson.StarOcean.csproj", "{5BD47705-C47F-4FA7-86B7-3AF637D5A87F}"
EndProject
Project("{2150E333-8FDC-42A3-9474-1A3956D46DE8}") = "Plugins", "Plugins", "{844A111E-0CA0-4B14-9555-B8BE30F83342}"
EndProject
Project("{2150E333-8FDC-42A3-9474-1A3956D46DE8}") = "Solution Items", "Solution Items", "{8C7C0929-BB53-456B-9B75-1C33A38EE607}"
	ProjectSection(SolutionItems) = preProject
		.editorconfig = .editorconfig
		.stylecop.json = .stylecop.json
	EndProjectSection
EndProject
Global
	GlobalSection(SolutionConfigurationPlatforms) = preSolution
		Debug|Any CPU = Debug|Any CPU
		Debug|ARM = Debug|ARM
		Debug|ARM64 = Debug|ARM64
		Debug|x64 = Debug|x64
		Debug|x86 = Debug|x86
		Release|Any CPU = Release|Any CPU
		Release|ARM = Release|ARM
		Release|ARM64 = Release|ARM64
		Release|x64 = Release|x64
		Release|x86 = Release|x86
	EndGlobalSection
	GlobalSection(ProjectConfigurationPlatforms) = postSolution
		{2A9046FE-9BAF-4D10-86B2-E5DEBC7F0A59}.Debug|Any CPU.ActiveCfg = Debug|Any CPU
		{2A9046FE-9BAF-4D10-86B2-E5DEBC7F0A59}.Debug|Any CPU.Build.0 = Debug|Any CPU
		{2A9046FE-9BAF-4D10-86B2-E5DEBC7F0A59}.Debug|ARM.ActiveCfg = Debug|Any CPU
		{2A9046FE-9BAF-4D10-86B2-E5DEBC7F0A59}.Debug|ARM.Build.0 = Debug|Any CPU
		{2A9046FE-9BAF-4D10-86B2-E5DEBC7F0A59}.Debug|ARM64.ActiveCfg = Debug|Any CPU
		{2A9046FE-9BAF-4D10-86B2-E5DEBC7F0A59}.Debug|ARM64.Build.0 = Debug|Any CPU
		{2A9046FE-9BAF-4D10-86B2-E5DEBC7F0A59}.Debug|x64.ActiveCfg = Debug|Any CPU
		{2A9046FE-9BAF-4D10-86B2-E5DEBC7F0A59}.Debug|x64.Build.0 = Debug|Any CPU
		{2A9046FE-9BAF-4D10-86B2-E5DEBC7F0A59}.Debug|x86.ActiveCfg = Debug|Any CPU
		{2A9046FE-9BAF-4D10-86B2-E5DEBC7F0A59}.Debug|x86.Build.0 = Debug|Any CPU
		{2A9046FE-9BAF-4D10-86B2-E5DEBC7F0A59}.Release|Any CPU.ActiveCfg = Release|Any CPU
		{2A9046FE-9BAF-4D10-86B2-E5DEBC7F0A59}.Release|Any CPU.Build.0 = Release|Any CPU
		{2A9046FE-9BAF-4D10-86B2-E5DEBC7F0A59}.Release|ARM.ActiveCfg = Release|Any CPU
		{2A9046FE-9BAF-4D10-86B2-E5DEBC7F0A59}.Release|ARM.Build.0 = Release|Any CPU
		{2A9046FE-9BAF-4D10-86B2-E5DEBC7F0A59}.Release|ARM64.ActiveCfg = Release|Any CPU
		{2A9046FE-9BAF-4D10-86B2-E5DEBC7F0A59}.Release|ARM64.Build.0 = Release|Any CPU
		{2A9046FE-9BAF-4D10-86B2-E5DEBC7F0A59}.Release|x64.ActiveCfg = Release|Any CPU
		{2A9046FE-9BAF-4D10-86B2-E5DEBC7F0A59}.Release|x64.Build.0 = Release|Any CPU
		{2A9046FE-9BAF-4D10-86B2-E5DEBC7F0A59}.Release|x86.ActiveCfg = Release|Any CPU
		{2A9046FE-9BAF-4D10-86B2-E5DEBC7F0A59}.Release|x86.Build.0 = Release|Any CPU
		{AAC803A7-0FE6-4FB7-ACF7-C24D4FD2456F}.Debug|Any CPU.ActiveCfg = Debug|Any CPU
		{AAC803A7-0FE6-4FB7-ACF7-C24D4FD2456F}.Debug|Any CPU.Build.0 = Debug|Any CPU
		{AAC803A7-0FE6-4FB7-ACF7-C24D4FD2456F}.Debug|ARM.ActiveCfg = Debug|Any CPU
		{AAC803A7-0FE6-4FB7-ACF7-C24D4FD2456F}.Debug|ARM.Build.0 = Debug|Any CPU
		{AAC803A7-0FE6-4FB7-ACF7-C24D4FD2456F}.Debug|ARM64.ActiveCfg = Debug|Any CPU
		{AAC803A7-0FE6-4FB7-ACF7-C24D4FD2456F}.Debug|ARM64.Build.0 = Debug|Any CPU
		{AAC803A7-0FE6-4FB7-ACF7-C24D4FD2456F}.Debug|x64.ActiveCfg = Debug|Any CPU
		{AAC803A7-0FE6-4FB7-ACF7-C24D4FD2456F}.Debug|x64.Build.0 = Debug|Any CPU
		{AAC803A7-0FE6-4FB7-ACF7-C24D4FD2456F}.Debug|x86.ActiveCfg = Debug|Any CPU
		{AAC803A7-0FE6-4FB7-ACF7-C24D4FD2456F}.Debug|x86.Build.0 = Debug|Any CPU
		{AAC803A7-0FE6-4FB7-ACF7-C24D4FD2456F}.Release|Any CPU.ActiveCfg = Release|Any CPU
		{AAC803A7-0FE6-4FB7-ACF7-C24D4FD2456F}.Release|Any CPU.Build.0 = Release|Any CPU
		{AAC803A7-0FE6-4FB7-ACF7-C24D4FD2456F}.Release|ARM.ActiveCfg = Release|Any CPU
		{AAC803A7-0FE6-4FB7-ACF7-C24D4FD2456F}.Release|ARM.Build.0 = Release|Any CPU
		{AAC803A7-0FE6-4FB7-ACF7-C24D4FD2456F}.Release|ARM64.ActiveCfg = Release|Any CPU
		{AAC803A7-0FE6-4FB7-ACF7-C24D4FD2456F}.Release|ARM64.Build.0 = Release|Any CPU
		{AAC803A7-0FE6-4FB7-ACF7-C24D4FD2456F}.Release|x64.ActiveCfg = Release|Any CPU
		{AAC803A7-0FE6-4FB7-ACF7-C24D4FD2456F}.Release|x64.Build.0 = Release|Any CPU
		{AAC803A7-0FE6-4FB7-ACF7-C24D4FD2456F}.Release|x86.ActiveCfg = Release|Any CPU
		{AAC803A7-0FE6-4FB7-ACF7-C24D4FD2456F}.Release|x86.Build.0 = Release|Any CPU
		{5A990E8F-5D30-4F5A-BC10-3EB86C3F1C1B}.Debug|Any CPU.ActiveCfg = Debug|Any CPU
		{5A990E8F-5D30-4F5A-BC10-3EB86C3F1C1B}.Debug|Any CPU.Build.0 = Debug|Any CPU
		{5A990E8F-5D30-4F5A-BC10-3EB86C3F1C1B}.Debug|ARM.ActiveCfg = Debug|Any CPU
		{5A990E8F-5D30-4F5A-BC10-3EB86C3F1C1B}.Debug|ARM.Build.0 = Debug|Any CPU
		{5A990E8F-5D30-4F5A-BC10-3EB86C3F1C1B}.Debug|ARM64.ActiveCfg = Debug|Any CPU
		{5A990E8F-5D30-4F5A-BC10-3EB86C3F1C1B}.Debug|ARM64.Build.0 = Debug|Any CPU
		{5A990E8F-5D30-4F5A-BC10-3EB86C3F1C1B}.Debug|x64.ActiveCfg = Debug|Any CPU
		{5A990E8F-5D30-4F5A-BC10-3EB86C3F1C1B}.Debug|x64.Build.0 = Debug|Any CPU
		{5A990E8F-5D30-4F5A-BC10-3EB86C3F1C1B}.Debug|x86.ActiveCfg = Debug|Any CPU
		{5A990E8F-5D30-4F5A-BC10-3EB86C3F1C1B}.Debug|x86.Build.0 = Debug|Any CPU
		{5A990E8F-5D30-4F5A-BC10-3EB86C3F1C1B}.Release|Any CPU.ActiveCfg = Release|Any CPU
		{5A990E8F-5D30-4F5A-BC10-3EB86C3F1C1B}.Release|Any CPU.Build.0 = Release|Any CPU
		{5A990E8F-5D30-4F5A-BC10-3EB86C3F1C1B}.Release|ARM.ActiveCfg = Release|Any CPU
		{5A990E8F-5D30-4F5A-BC10-3EB86C3F1C1B}.Release|ARM.Build.0 = Release|Any CPU
		{5A990E8F-5D30-4F5A-BC10-3EB86C3F1C1B}.Release|ARM64.ActiveCfg = Release|Any CPU
		{5A990E8F-5D30-4F5A-BC10-3EB86C3F1C1B}.Release|ARM64.Build.0 = Release|Any CPU
		{5A990E8F-5D30-4F5A-BC10-3EB86C3F1C1B}.Release|x64.ActiveCfg = Release|Any CPU
		{5A990E8F-5D30-4F5A-BC10-3EB86C3F1C1B}.Release|x64.Build.0 = Release|Any CPU
		{5A990E8F-5D30-4F5A-BC10-3EB86C3F1C1B}.Release|x86.ActiveCfg = Release|Any CPU
		{5A990E8F-5D30-4F5A-BC10-3EB86C3F1C1B}.Release|x86.Build.0 = Release|Any CPU
		{B29475EA-A7D5-4A5D-A00D-2BF10F861320}.Debug|Any CPU.ActiveCfg = Debug|Any CPU
		{B29475EA-A7D5-4A5D-A00D-2BF10F861320}.Debug|Any CPU.Build.0 = Debug|Any CPU
		{B29475EA-A7D5-4A5D-A00D-2BF10F861320}.Debug|ARM.ActiveCfg = Debug|Any CPU
		{B29475EA-A7D5-4A5D-A00D-2BF10F861320}.Debug|ARM.Build.0 = Debug|Any CPU
		{B29475EA-A7D5-4A5D-A00D-2BF10F861320}.Debug|ARM64.ActiveCfg = Debug|Any CPU
		{B29475EA-A7D5-4A5D-A00D-2BF10F861320}.Debug|ARM64.Build.0 = Debug|Any CPU
		{B29475EA-A7D5-4A5D-A00D-2BF10F861320}.Debug|x64.ActiveCfg = Debug|Any CPU
		{B29475EA-A7D5-4A5D-A00D-2BF10F861320}.Debug|x64.Build.0 = Debug|Any CPU
		{B29475EA-A7D5-4A5D-A00D-2BF10F861320}.Debug|x86.ActiveCfg = Debug|Any CPU
		{B29475EA-A7D5-4A5D-A00D-2BF10F861320}.Debug|x86.Build.0 = Debug|Any CPU
		{B29475EA-A7D5-4A5D-A00D-2BF10F861320}.Release|Any CPU.ActiveCfg = Release|Any CPU
		{B29475EA-A7D5-4A5D-A00D-2BF10F861320}.Release|Any CPU.Build.0 = Release|Any CPU
		{B29475EA-A7D5-4A5D-A00D-2BF10F861320}.Release|ARM.ActiveCfg = Release|Any CPU
		{B29475EA-A7D5-4A5D-A00D-2BF10F861320}.Release|ARM.Build.0 = Release|Any CPU
		{B29475EA-A7D5-4A5D-A00D-2BF10F861320}.Release|ARM64.ActiveCfg = Release|Any CPU
		{B29475EA-A7D5-4A5D-A00D-2BF10F861320}.Release|ARM64.Build.0 = Release|Any CPU
		{B29475EA-A7D5-4A5D-A00D-2BF10F861320}.Release|x64.ActiveCfg = Release|Any CPU
		{B29475EA-A7D5-4A5D-A00D-2BF10F861320}.Release|x64.Build.0 = Release|Any CPU
		{B29475EA-A7D5-4A5D-A00D-2BF10F861320}.Release|x86.ActiveCfg = Release|Any CPU
		{B29475EA-A7D5-4A5D-A00D-2BF10F861320}.Release|x86.Build.0 = Release|Any CPU
		{873CF5DB-D12A-4858-931F-59A97A94E032}.Debug|Any CPU.ActiveCfg = Debug|Any CPU
		{873CF5DB-D12A-4858-931F-59A97A94E032}.Debug|Any CPU.Build.0 = Debug|Any CPU
		{873CF5DB-D12A-4858-931F-59A97A94E032}.Debug|ARM.ActiveCfg = Debug|Any CPU
		{873CF5DB-D12A-4858-931F-59A97A94E032}.Debug|ARM.Build.0 = Debug|Any CPU
		{873CF5DB-D12A-4858-931F-59A97A94E032}.Debug|ARM64.ActiveCfg = Debug|Any CPU
		{873CF5DB-D12A-4858-931F-59A97A94E032}.Debug|ARM64.Build.0 = Debug|Any CPU
		{873CF5DB-D12A-4858-931F-59A97A94E032}.Debug|x64.ActiveCfg = Debug|Any CPU
		{873CF5DB-D12A-4858-931F-59A97A94E032}.Debug|x64.Build.0 = Debug|Any CPU
		{873CF5DB-D12A-4858-931F-59A97A94E032}.Debug|x86.ActiveCfg = Debug|Any CPU
		{873CF5DB-D12A-4858-931F-59A97A94E032}.Debug|x86.Build.0 = Debug|Any CPU
		{873CF5DB-D12A-4858-931F-59A97A94E032}.Release|Any CPU.ActiveCfg = Release|Any CPU
		{873CF5DB-D12A-4858-931F-59A97A94E032}.Release|Any CPU.Build.0 = Release|Any CPU
		{873CF5DB-D12A-4858-931F-59A97A94E032}.Release|ARM.ActiveCfg = Release|Any CPU
		{873CF5DB-D12A-4858-931F-59A97A94E032}.Release|ARM.Build.0 = Release|Any CPU
		{873CF5DB-D12A-4858-931F-59A97A94E032}.Release|ARM64.ActiveCfg = Release|Any CPU
		{873CF5DB-D12A-4858-931F-59A97A94E032}.Release|ARM64.Build.0 = Release|Any CPU
		{873CF5DB-D12A-4858-931F-59A97A94E032}.Release|x64.ActiveCfg = Release|Any CPU
		{873CF5DB-D12A-4858-931F-59A97A94E032}.Release|x64.Build.0 = Release|Any CPU
		{873CF5DB-D12A-4858-931F-59A97A94E032}.Release|x86.ActiveCfg = Release|Any CPU
		{873CF5DB-D12A-4858-931F-59A97A94E032}.Release|x86.Build.0 = Release|Any CPU
		{E7768D5C-7EE3-4C11-8E38-24635A423BC4}.Debug|Any CPU.ActiveCfg = Debug|Any CPU
		{E7768D5C-7EE3-4C11-8E38-24635A423BC4}.Debug|Any CPU.Build.0 = Debug|Any CPU
		{E7768D5C-7EE3-4C11-8E38-24635A423BC4}.Debug|ARM.ActiveCfg = Debug|Any CPU
		{E7768D5C-7EE3-4C11-8E38-24635A423BC4}.Debug|ARM.Build.0 = Debug|Any CPU
		{E7768D5C-7EE3-4C11-8E38-24635A423BC4}.Debug|ARM64.ActiveCfg = Debug|Any CPU
		{E7768D5C-7EE3-4C11-8E38-24635A423BC4}.Debug|ARM64.Build.0 = Debug|Any CPU
		{E7768D5C-7EE3-4C11-8E38-24635A423BC4}.Debug|x64.ActiveCfg = Debug|Any CPU
		{E7768D5C-7EE3-4C11-8E38-24635A423BC4}.Debug|x64.Build.0 = Debug|Any CPU
		{E7768D5C-7EE3-4C11-8E38-24635A423BC4}.Debug|x86.ActiveCfg = Debug|Any CPU
		{E7768D5C-7EE3-4C11-8E38-24635A423BC4}.Debug|x86.Build.0 = Debug|Any CPU
		{E7768D5C-7EE3-4C11-8E38-24635A423BC4}.Release|Any CPU.ActiveCfg = Release|Any CPU
		{E7768D5C-7EE3-4C11-8E38-24635A423BC4}.Release|Any CPU.Build.0 = Release|Any CPU
		{E7768D5C-7EE3-4C11-8E38-24635A423BC4}.Release|ARM.ActiveCfg = Release|Any CPU
		{E7768D5C-7EE3-4C11-8E38-24635A423BC4}.Release|ARM.Build.0 = Release|Any CPU
		{E7768D5C-7EE3-4C11-8E38-24635A423BC4}.Release|ARM64.ActiveCfg = Release|Any CPU
		{E7768D5C-7EE3-4C11-8E38-24635A423BC4}.Release|ARM64.Build.0 = Release|Any CPU
		{E7768D5C-7EE3-4C11-8E38-24635A423BC4}.Release|x64.ActiveCfg = Release|Any CPU
		{E7768D5C-7EE3-4C11-8E38-24635A423BC4}.Release|x64.Build.0 = Release|Any CPU
		{E7768D5C-7EE3-4C11-8E38-24635A423BC4}.Release|x86.ActiveCfg = Release|Any CPU
		{E7768D5C-7EE3-4C11-8E38-24635A423BC4}.Release|x86.Build.0 = Release|Any CPU
		{0C7C1CBB-64F7-45DD-89E2-6AAE6DB93A83}.Debug|Any CPU.ActiveCfg = Debug|Any CPU
		{0C7C1CBB-64F7-45DD-89E2-6AAE6DB93A83}.Debug|Any CPU.Build.0 = Debug|Any CPU
		{0C7C1CBB-64F7-45DD-89E2-6AAE6DB93A83}.Debug|ARM.ActiveCfg = Debug|Any CPU
		{0C7C1CBB-64F7-45DD-89E2-6AAE6DB93A83}.Debug|ARM.Build.0 = Debug|Any CPU
		{0C7C1CBB-64F7-45DD-89E2-6AAE6DB93A83}.Debug|ARM64.ActiveCfg = Debug|Any CPU
		{0C7C1CBB-64F7-45DD-89E2-6AAE6DB93A83}.Debug|ARM64.Build.0 = Debug|Any CPU
		{0C7C1CBB-64F7-45DD-89E2-6AAE6DB93A83}.Debug|x64.ActiveCfg = Debug|Any CPU
		{0C7C1CBB-64F7-45DD-89E2-6AAE6DB93A83}.Debug|x64.Build.0 = Debug|Any CPU
		{0C7C1CBB-64F7-45DD-89E2-6AAE6DB93A83}.Debug|x86.ActiveCfg = Debug|Any CPU
		{0C7C1CBB-64F7-45DD-89E2-6AAE6DB93A83}.Debug|x86.Build.0 = Debug|Any CPU
		{0C7C1CBB-64F7-45DD-89E2-6AAE6DB93A83}.Release|Any CPU.ActiveCfg = Release|Any CPU
		{0C7C1CBB-64F7-45DD-89E2-6AAE6DB93A83}.Release|Any CPU.Build.0 = Release|Any CPU
		{0C7C1CBB-64F7-45DD-89E2-6AAE6DB93A83}.Release|ARM.ActiveCfg = Release|Any CPU
		{0C7C1CBB-64F7-45DD-89E2-6AAE6DB93A83}.Release|ARM.Build.0 = Release|Any CPU
		{0C7C1CBB-64F7-45DD-89E2-6AAE6DB93A83}.Release|ARM64.ActiveCfg = Release|Any CPU
		{0C7C1CBB-64F7-45DD-89E2-6AAE6DB93A83}.Release|ARM64.Build.0 = Release|Any CPU
		{0C7C1CBB-64F7-45DD-89E2-6AAE6DB93A83}.Release|x64.ActiveCfg = Release|Any CPU
		{0C7C1CBB-64F7-45DD-89E2-6AAE6DB93A83}.Release|x64.Build.0 = Release|Any CPU
		{0C7C1CBB-64F7-45DD-89E2-6AAE6DB93A83}.Release|x86.ActiveCfg = Release|Any CPU
		{0C7C1CBB-64F7-45DD-89E2-6AAE6DB93A83}.Release|x86.Build.0 = Release|Any CPU
		{5BD47705-C47F-4FA7-86B7-3AF637D5A87F}.Debug|Any CPU.ActiveCfg = Debug|Any CPU
		{5BD47705-C47F-4FA7-86B7-3AF637D5A87F}.Debug|Any CPU.Build.0 = Debug|Any CPU
		{5BD47705-C47F-4FA7-86B7-3AF637D5A87F}.Debug|ARM.ActiveCfg = Debug|Any CPU
		{5BD47705-C47F-4FA7-86B7-3AF637D5A87F}.Debug|ARM.Build.0 = Debug|Any CPU
		{5BD47705-C47F-4FA7-86B7-3AF637D5A87F}.Debug|ARM64.ActiveCfg = Debug|Any CPU
		{5BD47705-C47F-4FA7-86B7-3AF637D5A87F}.Debug|ARM64.Build.0 = Debug|Any CPU
		{5BD47705-C47F-4FA7-86B7-3AF637D5A87F}.Debug|x64.ActiveCfg = Debug|Any CPU
		{5BD47705-C47F-4FA7-86B7-3AF637D5A87F}.Debug|x64.Build.0 = Debug|Any CPU
		{5BD47705-C47F-4FA7-86B7-3AF637D5A87F}.Debug|x86.ActiveCfg = Debug|Any CPU
		{5BD47705-C47F-4FA7-86B7-3AF637D5A87F}.Debug|x86.Build.0 = Debug|Any CPU
		{5BD47705-C47F-4FA7-86B7-3AF637D5A87F}.Release|Any CPU.ActiveCfg = Release|Any CPU
		{5BD47705-C47F-4FA7-86B7-3AF637D5A87F}.Release|Any CPU.Build.0 = Release|Any CPU
		{5BD47705-C47F-4FA7-86B7-3AF637D5A87F}.Release|ARM.ActiveCfg = Release|Any CPU
		{5BD47705-C47F-4FA7-86B7-3AF637D5A87F}.Release|ARM.Build.0 = Release|Any CPU
		{5BD47705-C47F-4FA7-86B7-3AF637D5A87F}.Release|ARM64.ActiveCfg = Release|Any CPU
		{5BD47705-C47F-4FA7-86B7-3AF637D5A87F}.Release|ARM64.Build.0 = Release|Any CPU
		{5BD47705-C47F-4FA7-86B7-3AF637D5A87F}.Release|x64.ActiveCfg = Release|Any CPU
		{5BD47705-C47F-4FA7-86B7-3AF637D5A87F}.Release|x64.Build.0 = Release|Any CPU
		{5BD47705-C47F-4FA7-86B7-3AF637D5A87F}.Release|x86.ActiveCfg = Release|Any CPU
		{5BD47705-C47F-4FA7-86B7-3AF637D5A87F}.Release|x86.Build.0 = Release|Any CPU
	EndGlobalSection
	GlobalSection(SolutionProperties) = preSolution
		HideSolutionNode = FALSE
	EndGlobalSection
	GlobalSection(NestedProjects) = preSolution
		{5BD47705-C47F-4FA7-86B7-3AF637D5A87F} = {844A111E-0CA0-4B14-9555-B8BE30F83342}
	EndGlobalSection
	GlobalSection(ExtensibilityGlobals) = postSolution
		SolutionGuid = {7FC3450C-5D56-475C-8B36-4C06ED0BDBD2}
	EndGlobalSection
EndGlobal
